
Microsoft Visual Studio Solution File, Format Version 12.00
# Visual Studio 15
VisualStudioVersion = 15.0.27703.2035
MinimumVisualStudioVersion = 10.0.40219.1
Project("{FAE04EC0-301F-11D3-BF4B-00C04F79EFBC}") = "Model", "Model\Model.csproj", "{F612E34C-E62A-40D9-8C81-DF34FE61EA49}"
EndProject
Project("{FAE04EC0-301F-11D3-BF4B-00C04F79EFBC}") = "TestDataStoreConfig", "TestDSConfig\TestDataStoreConfig.csproj", "{DB08EA8F-7098-4C25-B355-67B51D48A275}"
EndProject
Project("{FAE04EC0-301F-11D3-BF4B-00C04F79EFBC}") = "TestFormDataStoreConfig", "DXApplication2\TestDataStoreConfig\TestFormDataStoreConfig.csproj", "{0B2F30D4-293E-45C1-964C-F29B9888BFF4}"
EndProject
Project("{FAE04EC0-301F-11D3-BF4B-00C04F79EFBC}") = "MenuBarHeadStart", "MenuBarHeadStart\MenuBarHeadStart.csproj", "{C5FA770A-AD13-4ADF-96BB-7D1B72B39BA8}"
EndProject
Project("{2150E333-8FDC-42A3-9474-1A3956D46DE8}") = "Docs", "Docs", "{113E7F6F-0125-499A-A2BF-C860E5319953}"
	ProjectSection(SolutionItems) = preProject
		TextFile1.txt = TextFile1.txt
	EndProjectSection
EndProject
Project("{FAE04EC0-301F-11D3-BF4B-00C04F79EFBC}") = "SkinDefaultHeadStart", "SkinDefaultHeadStart\SkinDefaultHeadStart.csproj", "{CBE6647C-5C32-42C2-809C-E8E06D0AC7CA}"
EndProject
Project("{FAE04EC0-301F-11D3-BF4B-00C04F79EFBC}") = "DialogHeadStart", "DXApplication4\DialogHeadStart\DialogHeadStart.csproj", "{E9CD9AF5-5597-4681-9396-1BEF059ADE15}"
EndProject
Project("{FAE04EC0-301F-11D3-BF4B-00C04F79EFBC}") = "ConfigFilesHeadStart", "DXApplication5\ConfigFilesHeadStart\ConfigFilesHeadStart.csproj", "{A8497F37-DE3D-4BC3-A8FA-5831ED66371D}"
EndProject
Project("{FAE04EC0-301F-11D3-BF4B-00C04F79EFBC}") = "DashboardDesignerHeadStart", "DXApplication6\DashboardDesignerHeadStart\DashboardDesignerHeadStart.csproj", "{AD48BBC9-EE71-49C2-A02F-F84A307C9DA2}"
EndProject
Project("{FAE04EC0-301F-11D3-BF4B-00C04F79EFBC}") = "DashboardViewerHeadStart", "DXApplication7\DashboardViewerHeadStart\DashboardViewerHeadStart.csproj", "{003A1691-5271-4FF9-86CC-D7E54B01FA87}"
EndProject
Project("{FAE04EC0-301F-11D3-BF4B-00C04F79EFBC}") = "MainForm", "DXApplication8\MainForm\MainForm.csproj", "{67691EC0-483D-4F01-8B94-9BC879839119}"
EndProject
Project("{FAE04EC0-301F-11D3-BF4B-00C04F79EFBC}") = "MessageXuc", "MessageXuc\MessageXuc.csproj", "{C816B7D2-A7F9-4196-9AB2-3499056F8CA2}"
EndProject
Project("{FAE04EC0-301F-11D3-BF4B-00C04F79EFBC}") = "DataStoreConfigXuc", "DataStoreCollectionXuc\DataStoreConfigXuc.csproj", "{8B8DC1BD-0D84-4399-A228-645EA7EE718A}"
EndProject
Project("{2150E333-8FDC-42A3-9474-1A3956D46DE8}") = "XtraUserControls", "XtraUserControls", "{2504FE66-7996-4277-BEAB-0D2DE77F1396}"
EndProject
Project("{2150E333-8FDC-42A3-9474-1A3956D46DE8}") = "HeadStart", "HeadStart", "{82C8BC59-8DE0-489D-8F80-DBA53433792E}"
EndProject
Project("{2150E333-8FDC-42A3-9474-1A3956D46DE8}") = "Test", "Test", "{13BBF568-8101-4C61-AE2B-CB7D9C388ED2}"
EndProject
Project("{FAE04EC0-301F-11D3-BF4B-00C04F79EFBC}") = "OpenRecentXuc", "ClassLibrary1\OpenRecentXuc.csproj", "{AFD126F4-B457-4623-9544-9F0685022D57}"
EndProject
Project("{FAE04EC0-301F-11D3-BF4B-00C04F79EFBC}") = "MetadataItemCollXuc", "MetadataItemXuc\MetadataItemCollXuc.csproj", "{5D793E8D-C05B-4B0F-B130-F1A891DBA4DA}"
EndProject
Project("{FAE04EC0-301F-11D3-BF4B-00C04F79EFBC}") = "TestConfig", "TestConfig\TestConfig.csproj", "{7192789A-A656-4D61-8DB6-31710AA3EB25}"
EndProject
Global
	GlobalSection(SolutionConfigurationPlatforms) = preSolution
		Debug|Any CPU = Debug|Any CPU
		Release|Any CPU = Release|Any CPU
	EndGlobalSection
	GlobalSection(ProjectConfigurationPlatforms) = postSolution
		{F612E34C-E62A-40D9-8C81-DF34FE61EA49}.Debug|Any CPU.ActiveCfg = Debug|Any CPU
		{F612E34C-E62A-40D9-8C81-DF34FE61EA49}.Debug|Any CPU.Build.0 = Debug|Any CPU
		{F612E34C-E62A-40D9-8C81-DF34FE61EA49}.Release|Any CPU.ActiveCfg = Release|Any CPU
		{F612E34C-E62A-40D9-8C81-DF34FE61EA49}.Release|Any CPU.Build.0 = Release|Any CPU
		{DB08EA8F-7098-4C25-B355-67B51D48A275}.Debug|Any CPU.ActiveCfg = Debug|Any CPU
		{DB08EA8F-7098-4C25-B355-67B51D48A275}.Debug|Any CPU.Build.0 = Debug|Any CPU
		{DB08EA8F-7098-4C25-B355-67B51D48A275}.Release|Any CPU.ActiveCfg = Release|Any CPU
		{DB08EA8F-7098-4C25-B355-67B51D48A275}.Release|Any CPU.Build.0 = Release|Any CPU
		{0B2F30D4-293E-45C1-964C-F29B9888BFF4}.Debug|Any CPU.ActiveCfg = Debug|Any CPU
		{0B2F30D4-293E-45C1-964C-F29B9888BFF4}.Debug|Any CPU.Build.0 = Debug|Any CPU
		{0B2F30D4-293E-45C1-964C-F29B9888BFF4}.Release|Any CPU.ActiveCfg = Release|Any CPU
		{0B2F30D4-293E-45C1-964C-F29B9888BFF4}.Release|Any CPU.Build.0 = Release|Any CPU
		{C5FA770A-AD13-4ADF-96BB-7D1B72B39BA8}.Debug|Any CPU.ActiveCfg = Debug|Any CPU
		{C5FA770A-AD13-4ADF-96BB-7D1B72B39BA8}.Debug|Any CPU.Build.0 = Debug|Any CPU
		{C5FA770A-AD13-4ADF-96BB-7D1B72B39BA8}.Release|Any CPU.ActiveCfg = Release|Any CPU
		{C5FA770A-AD13-4ADF-96BB-7D1B72B39BA8}.Release|Any CPU.Build.0 = Release|Any CPU
		{CBE6647C-5C32-42C2-809C-E8E06D0AC7CA}.Debug|Any CPU.ActiveCfg = Debug|Any CPU
		{CBE6647C-5C32-42C2-809C-E8E06D0AC7CA}.Debug|Any CPU.Build.0 = Debug|Any CPU
		{CBE6647C-5C32-42C2-809C-E8E06D0AC7CA}.Release|Any CPU.ActiveCfg = Release|Any CPU
		{CBE6647C-5C32-42C2-809C-E8E06D0AC7CA}.Release|Any CPU.Build.0 = Release|Any CPU
		{E9CD9AF5-5597-4681-9396-1BEF059ADE15}.Debug|Any CPU.ActiveCfg = Debug|Any CPU
		{E9CD9AF5-5597-4681-9396-1BEF059ADE15}.Debug|Any CPU.Build.0 = Debug|Any CPU
		{E9CD9AF5-5597-4681-9396-1BEF059ADE15}.Release|Any CPU.ActiveCfg = Release|Any CPU
		{E9CD9AF5-5597-4681-9396-1BEF059ADE15}.Release|Any CPU.Build.0 = Release|Any CPU
		{A8497F37-DE3D-4BC3-A8FA-5831ED66371D}.Debug|Any CPU.ActiveCfg = Debug|Any CPU
		{A8497F37-DE3D-4BC3-A8FA-5831ED66371D}.Debug|Any CPU.Build.0 = Debug|Any CPU
		{A8497F37-DE3D-4BC3-A8FA-5831ED66371D}.Release|Any CPU.ActiveCfg = Release|Any CPU
		{A8497F37-DE3D-4BC3-A8FA-5831ED66371D}.Release|Any CPU.Build.0 = Release|Any CPU
		{AD48BBC9-EE71-49C2-A02F-F84A307C9DA2}.Debug|Any CPU.ActiveCfg = Debug|Any CPU
		{AD48BBC9-EE71-49C2-A02F-F84A307C9DA2}.Debug|Any CPU.Build.0 = Debug|Any CPU
		{AD48BBC9-EE71-49C2-A02F-F84A307C9DA2}.Release|Any CPU.ActiveCfg = Release|Any CPU
		{AD48BBC9-EE71-49C2-A02F-F84A307C9DA2}.Release|Any CPU.Build.0 = Release|Any CPU
		{003A1691-5271-4FF9-86CC-D7E54B01FA87}.Debug|Any CPU.ActiveCfg = Debug|Any CPU
		{003A1691-5271-4FF9-86CC-D7E54B01FA87}.Debug|Any CPU.Build.0 = Debug|Any CPU
		{003A1691-5271-4FF9-86CC-D7E54B01FA87}.Release|Any CPU.ActiveCfg = Release|Any CPU
		{003A1691-5271-4FF9-86CC-D7E54B01FA87}.Release|Any CPU.Build.0 = Release|Any CPU
		{67691EC0-483D-4F01-8B94-9BC879839119}.Debug|Any CPU.ActiveCfg = Debug|Any CPU
		{67691EC0-483D-4F01-8B94-9BC879839119}.Debug|Any CPU.Build.0 = Debug|Any CPU
		{67691EC0-483D-4F01-8B94-9BC879839119}.Release|Any CPU.ActiveCfg = Release|Any CPU
		{67691EC0-483D-4F01-8B94-9BC879839119}.Release|Any CPU.Build.0 = Release|Any CPU
		{C816B7D2-A7F9-4196-9AB2-3499056F8CA2}.Debug|Any CPU.ActiveCfg = Debug|Any CPU
		{C816B7D2-A7F9-4196-9AB2-3499056F8CA2}.Debug|Any CPU.Build.0 = Debug|Any CPU
		{C816B7D2-A7F9-4196-9AB2-3499056F8CA2}.Release|Any CPU.ActiveCfg = Release|Any CPU
		{C816B7D2-A7F9-4196-9AB2-3499056F8CA2}.Release|Any CPU.Build.0 = Release|Any CPU
		{8B8DC1BD-0D84-4399-A228-645EA7EE718A}.Debug|Any CPU.ActiveCfg = Debug|Any CPU
		{8B8DC1BD-0D84-4399-A228-645EA7EE718A}.Debug|Any CPU.Build.0 = Debug|Any CPU
		{8B8DC1BD-0D84-4399-A228-645EA7EE718A}.Release|Any CPU.ActiveCfg = Release|Any CPU
		{8B8DC1BD-0D84-4399-A228-645EA7EE718A}.Release|Any CPU.Build.0 = Release|Any CPU
		{AFD126F4-B457-4623-9544-9F0685022D57}.Debug|Any CPU.ActiveCfg = Debug|Any CPU
		{AFD126F4-B457-4623-9544-9F0685022D57}.Debug|Any CPU.Build.0 = Debug|Any CPU
		{AFD126F4-B457-4623-9544-9F0685022D57}.Release|Any CPU.ActiveCfg = Release|Any CPU
		{AFD126F4-B457-4623-9544-9F0685022D57}.Release|Any CPU.Build.0 = Release|Any CPU
		{5D793E8D-C05B-4B0F-B130-F1A891DBA4DA}.Debug|Any CPU.ActiveCfg = Debug|Any CPU
		{5D793E8D-C05B-4B0F-B130-F1A891DBA4DA}.Debug|Any CPU.Build.0 = Debug|Any CPU
		{5D793E8D-C05B-4B0F-B130-F1A891DBA4DA}.Release|Any CPU.ActiveCfg = Release|Any CPU
		{5D793E8D-C05B-4B0F-B130-F1A891DBA4DA}.Release|Any CPU.Build.0 = Release|Any CPU
		{7192789A-A656-4D61-8DB6-31710AA3EB25}.Debug|Any CPU.ActiveCfg = Debug|Any CPU
		{7192789A-A656-4D61-8DB6-31710AA3EB25}.Debug|Any CPU.Build.0 = Debug|Any CPU
		{7192789A-A656-4D61-8DB6-31710AA3EB25}.Release|Any CPU.ActiveCfg = Release|Any CPU
		{7192789A-A656-4D61-8DB6-31710AA3EB25}.Release|Any CPU.Build.0 = Release|Any CPU
	EndGlobalSection
	GlobalSection(SolutionProperties) = preSolution
		HideSolutionNode = FALSE
	EndGlobalSection
	GlobalSection(NestedProjects) = preSolution
		{DB08EA8F-7098-4C25-B355-67B51D48A275} = {13BBF568-8101-4C61-AE2B-CB7D9C388ED2}
		{0B2F30D4-293E-45C1-964C-F29B9888BFF4} = {13BBF568-8101-4C61-AE2B-CB7D9C388ED2}
		{C5FA770A-AD13-4ADF-96BB-7D1B72B39BA8} = {82C8BC59-8DE0-489D-8F80-DBA53433792E}
		{CBE6647C-5C32-42C2-809C-E8E06D0AC7CA} = {82C8BC59-8DE0-489D-8F80-DBA53433792E}
		{E9CD9AF5-5597-4681-9396-1BEF059ADE15} = {82C8BC59-8DE0-489D-8F80-DBA53433792E}
		{A8497F37-DE3D-4BC3-A8FA-5831ED66371D} = {82C8BC59-8DE0-489D-8F80-DBA53433792E}
		{AD48BBC9-EE71-49C2-A02F-F84A307C9DA2} = {82C8BC59-8DE0-489D-8F80-DBA53433792E}
		{003A1691-5271-4FF9-86CC-D7E54B01FA87} = {82C8BC59-8DE0-489D-8F80-DBA53433792E}
		{C816B7D2-A7F9-4196-9AB2-3499056F8CA2} = {2504FE66-7996-4277-BEAB-0D2DE77F1396}
		{8B8DC1BD-0D84-4399-A228-645EA7EE718A} = {2504FE66-7996-4277-BEAB-0D2DE77F1396}
		{AFD126F4-B457-4623-9544-9F0685022D57} = {2504FE66-7996-4277-BEAB-0D2DE77F1396}
		{5D793E8D-C05B-4B0F-B130-F1A891DBA4DA} = {2504FE66-7996-4277-BEAB-0D2DE77F1396}
		{7192789A-A656-4D61-8DB6-31710AA3EB25} = {13BBF568-8101-4C61-AE2B-CB7D9C388ED2}
	EndGlobalSection
	GlobalSection(ExtensibilityGlobals) = postSolution
		SolutionGuid = {AB9E6EE3-9085-4BFF-A1D1-2A9B9C098640}
	EndGlobalSection
EndGlobal
