
Microsoft Visual Studio Solution File, Format Version 12.00
# Visual Studio 15
VisualStudioVersion = 15.0.27703.2035
MinimumVisualStudioVersion = 10.0.40219.1
Project("{FAE04EC0-301F-11D3-BF4B-00C04F79EFBC}") = "Model", "Model\Model.csproj", "{F612E34C-E62A-40D9-8C81-DF34FE61EA49}"
EndProject
Project("{FAE04EC0-301F-11D3-BF4B-00C04F79EFBC}") = "TestDataStoreConfig", "TestDSConfig\TestDataStoreConfig.csproj", "{DB08EA8F-7098-4C25-B355-67B51D48A275}"
EndProject
Project("{FAE04EC0-301F-11D3-BF4B-00C04F79EFBC}") = "TestFormDataStoreConfig", "DXApplication2\TestDataStoreConfig\TestFormDataStoreConfig.csproj", "{0B2F30D4-293E-45C1-964C-F29B9888BFF4}"
EndProject
Project("{FAE04EC0-301F-11D3-BF4B-00C04F79EFBC}") = "MenuBarHeadStart", "MenuBarHeadStart\MenuBarHeadStart.csproj", "{C5FA770A-AD13-4ADF-96BB-7D1B72B39BA8}"
EndProject
Project("{2150E333-8FDC-42A3-9474-1A3956D46DE8}") = "Docs", "Docs", "{113E7F6F-0125-499A-A2BF-C860E5319953}"
	ProjectSection(SolutionItems) = preProject
		TextFile1.txt = TextFile1.txt
	EndProjectSection
EndProject
Project("{FAE04EC0-301F-11D3-BF4B-00C04F79EFBC}") = "SkinDefaultHeadStart", "SkinDefaultHeadStart\SkinDefaultHeadStart.csproj", "{CBE6647C-5C32-42C2-809C-E8E06D0AC7CA}"
EndProject
Project("{FAE04EC0-301F-11D3-BF4B-00C04F79EFBC}") = "DialogHeadStart", "DXApplication4\DialogHeadStart\DialogHeadStart.csproj", "{E9CD9AF5-5597-4681-9396-1BEF059ADE15}"
EndProject
Global
	GlobalSection(SolutionConfigurationPlatforms) = preSolution
		Debug|Any CPU = Debug|Any CPU
		Release|Any CPU = Release|Any CPU
	EndGlobalSection
	GlobalSection(ProjectConfigurationPlatforms) = postSolution
		{F612E34C-E62A-40D9-8C81-DF34FE61EA49}.Debug|Any CPU.ActiveCfg = Debug|Any CPU
		{F612E34C-E62A-40D9-8C81-DF34FE61EA49}.Debug|Any CPU.Build.0 = Debug|Any CPU
		{F612E34C-E62A-40D9-8C81-DF34FE61EA49}.Release|Any CPU.ActiveCfg = Release|Any CPU
		{F612E34C-E62A-40D9-8C81-DF34FE61EA49}.Release|Any CPU.Build.0 = Release|Any CPU
		{DB08EA8F-7098-4C25-B355-67B51D48A275}.Debug|Any CPU.ActiveCfg = Debug|Any CPU
		{DB08EA8F-7098-4C25-B355-67B51D48A275}.Debug|Any CPU.Build.0 = Debug|Any CPU
		{DB08EA8F-7098-4C25-B355-67B51D48A275}.Release|Any CPU.ActiveCfg = Release|Any CPU
		{DB08EA8F-7098-4C25-B355-67B51D48A275}.Release|Any CPU.Build.0 = Release|Any CPU
		{0B2F30D4-293E-45C1-964C-F29B9888BFF4}.Debug|Any CPU.ActiveCfg = Debug|Any CPU
		{0B2F30D4-293E-45C1-964C-F29B9888BFF4}.Debug|Any CPU.Build.0 = Debug|Any CPU
		{0B2F30D4-293E-45C1-964C-F29B9888BFF4}.Release|Any CPU.ActiveCfg = Release|Any CPU
		{0B2F30D4-293E-45C1-964C-F29B9888BFF4}.Release|Any CPU.Build.0 = Release|Any CPU
		{C5FA770A-AD13-4ADF-96BB-7D1B72B39BA8}.Debug|Any CPU.ActiveCfg = Debug|Any CPU
		{C5FA770A-AD13-4ADF-96BB-7D1B72B39BA8}.Debug|Any CPU.Build.0 = Debug|Any CPU
		{C5FA770A-AD13-4ADF-96BB-7D1B72B39BA8}.Release|Any CPU.ActiveCfg = Release|Any CPU
		{C5FA770A-AD13-4ADF-96BB-7D1B72B39BA8}.Release|Any CPU.Build.0 = Release|Any CPU
		{CBE6647C-5C32-42C2-809C-E8E06D0AC7CA}.Debug|Any CPU.ActiveCfg = Debug|Any CPU
		{CBE6647C-5C32-42C2-809C-E8E06D0AC7CA}.Debug|Any CPU.Build.0 = Debug|Any CPU
		{CBE6647C-5C32-42C2-809C-E8E06D0AC7CA}.Release|Any CPU.ActiveCfg = Release|Any CPU
		{CBE6647C-5C32-42C2-809C-E8E06D0AC7CA}.Release|Any CPU.Build.0 = Release|Any CPU
		{E9CD9AF5-5597-4681-9396-1BEF059ADE15}.Debug|Any CPU.ActiveCfg = Debug|Any CPU
		{E9CD9AF5-5597-4681-9396-1BEF059ADE15}.Debug|Any CPU.Build.0 = Debug|Any CPU
		{E9CD9AF5-5597-4681-9396-1BEF059ADE15}.Release|Any CPU.ActiveCfg = Release|Any CPU
		{E9CD9AF5-5597-4681-9396-1BEF059ADE15}.Release|Any CPU.Build.0 = Release|Any CPU
	EndGlobalSection
	GlobalSection(SolutionProperties) = preSolution
		HideSolutionNode = FALSE
	EndGlobalSection
	GlobalSection(ExtensibilityGlobals) = postSolution
		SolutionGuid = {AB9E6EE3-9085-4BFF-A1D1-2A9B9C098640}
	EndGlobalSection
EndGlobal
